
Microsoft Visual Studio Solution File, Format Version 12.00
# Visual Studio 15
VisualStudioVersion = 15.0.28307.1082
MinimumVisualStudioVersion = 10.0.40219.1
Project("{FAE04EC0-301F-11D3-BF4B-00C04F79EFBC}") = "FirstMvcApp", "FirstMvcApp\FirstMvcApp.csproj", "{C6012942-B474-4D07-A42B-F547E854C00C}"
EndProject
Project("{FAE04EC0-301F-11D3-BF4B-00C04F79EFBC}") = "RazorSyntax", "RazorSyntax\RazorSyntax.csproj", "{258E1B03-AA6B-47A0-871D-23CE33C5AC1B}"
EndProject
Global
	GlobalSection(SolutionConfigurationPlatforms) = preSolution
		Debug|Any CPU = Debug|Any CPU
		Release|Any CPU = Release|Any CPU
	EndGlobalSection
	GlobalSection(ProjectConfigurationPlatforms) = postSolution
		{C6012942-B474-4D07-A42B-F547E854C00C}.Debug|Any CPU.ActiveCfg = Debug|Any CPU
		{C6012942-B474-4D07-A42B-F547E854C00C}.Debug|Any CPU.Build.0 = Debug|Any CPU
		{C6012942-B474-4D07-A42B-F547E854C00C}.Release|Any CPU.ActiveCfg = Release|Any CPU
		{C6012942-B474-4D07-A42B-F547E854C00C}.Release|Any CPU.Build.0 = Release|Any CPU
		{258E1B03-AA6B-47A0-871D-23CE33C5AC1B}.Debug|Any CPU.ActiveCfg = Debug|Any CPU
		{258E1B03-AA6B-47A0-871D-23CE33C5AC1B}.Debug|Any CPU.Build.0 = Debug|Any CPU
		{258E1B03-AA6B-47A0-871D-23CE33C5AC1B}.Release|Any CPU.ActiveCfg = Release|Any CPU
		{258E1B03-AA6B-47A0-871D-23CE33C5AC1B}.Release|Any CPU.Build.0 = Release|Any CPU
	EndGlobalSection
	GlobalSection(SolutionProperties) = preSolution
		HideSolutionNode = FALSE
	EndGlobalSection
	GlobalSection(ExtensibilityGlobals) = postSolution
		SolutionGuid = {EB0F6861-2C3C-41CE-B9E8-666B38BAC439}
	EndGlobalSection
EndGlobal
