
Microsoft Visual Studio Solution File, Format Version 12.00
# Visual Studio 15
VisualStudioVersion = 15.0.28307.1082
MinimumVisualStudioVersion = 10.0.40219.1
Project("{FAE04EC0-301F-11D3-BF4B-00C04F79EFBC}") = "FirstMvcApp", "FirstMvcApp\FirstMvcApp.csproj", "{C6012942-B474-4D07-A42B-F547E854C00C}"
EndProject
Project("{FAE04EC0-301F-11D3-BF4B-00C04F79EFBC}") = "RazorSyntax", "RazorSyntax\RazorSyntax.csproj", "{258E1B03-AA6B-47A0-871D-23CE33C5AC1B}"
EndProject
Project("{FAE04EC0-301F-11D3-BF4B-00C04F79EFBC}") = "ModelBinding", "ModelBinding\ModelBinding.csproj", "{E0F6C4F5-F9BE-4768-BF2E-F514D2F3AF70}"
EndProject
Project("{FAE04EC0-301F-11D3-BF4B-00C04F79EFBC}") = "Routing", "Routing\Routing.csproj", "{9FC649C3-8F5E-44DA-B85D-AB86797C574D}"
EndProject
Project("{FAE04EC0-301F-11D3-BF4B-00C04F79EFBC}") = "Filtering", "Filtering\Filtering.csproj", "{7396CF2F-F2F4-4209-A375-445B0495FA23}"
EndProject
Project("{FAE04EC0-301F-11D3-BF4B-00C04F79EFBC}") = "Ajax", "Ajax\Ajax.csproj", "{2F365A4F-6430-4FD7-841C-4081FD438C46}"
EndProject
Global
	GlobalSection(SolutionConfigurationPlatforms) = preSolution
		Debug|Any CPU = Debug|Any CPU
		Release|Any CPU = Release|Any CPU
	EndGlobalSection
	GlobalSection(ProjectConfigurationPlatforms) = postSolution
		{C6012942-B474-4D07-A42B-F547E854C00C}.Debug|Any CPU.ActiveCfg = Debug|Any CPU
		{C6012942-B474-4D07-A42B-F547E854C00C}.Debug|Any CPU.Build.0 = Debug|Any CPU
		{C6012942-B474-4D07-A42B-F547E854C00C}.Release|Any CPU.ActiveCfg = Release|Any CPU
		{C6012942-B474-4D07-A42B-F547E854C00C}.Release|Any CPU.Build.0 = Release|Any CPU
		{258E1B03-AA6B-47A0-871D-23CE33C5AC1B}.Debug|Any CPU.ActiveCfg = Debug|Any CPU
		{258E1B03-AA6B-47A0-871D-23CE33C5AC1B}.Debug|Any CPU.Build.0 = Debug|Any CPU
		{258E1B03-AA6B-47A0-871D-23CE33C5AC1B}.Release|Any CPU.ActiveCfg = Release|Any CPU
		{258E1B03-AA6B-47A0-871D-23CE33C5AC1B}.Release|Any CPU.Build.0 = Release|Any CPU
		{E0F6C4F5-F9BE-4768-BF2E-F514D2F3AF70}.Debug|Any CPU.ActiveCfg = Debug|Any CPU
		{E0F6C4F5-F9BE-4768-BF2E-F514D2F3AF70}.Debug|Any CPU.Build.0 = Debug|Any CPU
		{E0F6C4F5-F9BE-4768-BF2E-F514D2F3AF70}.Release|Any CPU.ActiveCfg = Release|Any CPU
		{E0F6C4F5-F9BE-4768-BF2E-F514D2F3AF70}.Release|Any CPU.Build.0 = Release|Any CPU
		{9FC649C3-8F5E-44DA-B85D-AB86797C574D}.Debug|Any CPU.ActiveCfg = Debug|Any CPU
		{9FC649C3-8F5E-44DA-B85D-AB86797C574D}.Debug|Any CPU.Build.0 = Debug|Any CPU
		{9FC649C3-8F5E-44DA-B85D-AB86797C574D}.Release|Any CPU.ActiveCfg = Release|Any CPU
		{9FC649C3-8F5E-44DA-B85D-AB86797C574D}.Release|Any CPU.Build.0 = Release|Any CPU
		{7396CF2F-F2F4-4209-A375-445B0495FA23}.Debug|Any CPU.ActiveCfg = Debug|Any CPU
		{7396CF2F-F2F4-4209-A375-445B0495FA23}.Debug|Any CPU.Build.0 = Debug|Any CPU
		{7396CF2F-F2F4-4209-A375-445B0495FA23}.Release|Any CPU.ActiveCfg = Release|Any CPU
		{7396CF2F-F2F4-4209-A375-445B0495FA23}.Release|Any CPU.Build.0 = Release|Any CPU
		{2F365A4F-6430-4FD7-841C-4081FD438C46}.Debug|Any CPU.ActiveCfg = Debug|Any CPU
		{2F365A4F-6430-4FD7-841C-4081FD438C46}.Debug|Any CPU.Build.0 = Debug|Any CPU
		{2F365A4F-6430-4FD7-841C-4081FD438C46}.Release|Any CPU.ActiveCfg = Release|Any CPU
		{2F365A4F-6430-4FD7-841C-4081FD438C46}.Release|Any CPU.Build.0 = Release|Any CPU
	EndGlobalSection
	GlobalSection(SolutionProperties) = preSolution
		HideSolutionNode = FALSE
	EndGlobalSection
	GlobalSection(ExtensibilityGlobals) = postSolution
		SolutionGuid = {EB0F6861-2C3C-41CE-B9E8-666B38BAC439}
	EndGlobalSection
EndGlobal
